
Microsoft Visual Studio Solution File, Format Version 12.00
# Visual Studio 15
VisualStudioVersion = 15.0.27130.2027
MinimumVisualStudioVersion = 10.0.40219.1
Project("{FAE04EC0-301F-11D3-BF4B-00C04F79EFBC}") = "Scheduler.Core", "Scheduler.Core\Scheduler.Core.csproj", "{9A991B42-89DA-4B3C-8675-0C4E1C7FBACF}"
EndProject
Project("{FAE04EC0-301F-11D3-BF4B-00C04F79EFBC}") = "Scheduler.Console", "Scheduler.Console\Scheduler.Console.csproj", "{385C768A-1625-454D-AD0C-D39A32F98FBC}"
EndProject
Project("{FAE04EC0-301F-11D3-BF4B-00C04F79EFBC}") = "Scheduler.WebConsole", "Scheduler.WebConsole\Scheduler.WebConsole.csproj", "{E914407C-C2EB-42ED-959F-52976E35F96E}"
EndProject
Project("{FAE04EC0-301F-11D3-BF4B-00C04F79EFBC}") = "Scheduler.Infrastructure", "Scheduler.Infrastructure\Scheduler.Infrastructure.csproj", "{BB4A8717-FE3F-4989-98F7-C7BBF884503F}"
EndProject
Project("{FAE04EC0-301F-11D3-BF4B-00C04F79EFBC}") = "Scheduler.Domain", "Scheduler.Domain\Scheduler.Domain.csproj", "{BFAAB2FE-7208-4C3A-80D1-9B1DCCE41F3B}"
EndProject
Project("{FAE04EC0-301F-11D3-BF4B-00C04F79EFBC}") = "Scheduler.Engine.Quartz", "Scheduler.Engine.Quartz\Scheduler.Engine.Quartz.csproj", "{CD895CE0-D65A-4E96-897B-2C45821112BB}"
EndProject
Project("{FAE04EC0-301F-11D3-BF4B-00C04F79EFBC}") = "Scheduler.Logging.NLog", "Scheduler.Logging.NLog\Scheduler.Logging.NLog.csproj", "{E333F50A-DE6B-4C3D-A686-FEEF7C7D627F}"
EndProject
Project("{FAE04EC0-301F-11D3-BF4B-00C04F79EFBC}") = "Scheduler.Domain.Data", "Scheduler.Domain.Data\Scheduler.Domain.Data.csproj", "{5D366F7C-075D-49FF-A742-78853AA7A6DD}"
EndProject
Project("{FAE04EC0-301F-11D3-BF4B-00C04F79EFBC}") = "Scheduler.Infrastructure.Data", "Scheduler.Infrastructure.Data\Scheduler.Infrastructure.Data.csproj", "{ACC43FC4-582C-471B-92F4-0F9AF44AB7AC}"
EndProject
Project("{FAE04EC0-301F-11D3-BF4B-00C04F79EFBC}") = "Scheduler.Infrastructure.Data.EntityFramework", "Scheduler.Infrastructure.Data.EntityFramework\Scheduler.Infrastructure.Data.EntityFramework.csproj", "{C34361C7-286C-4D8E-8DD6-1D995A2B0BC9}"
EndProject
Project("{FAE04EC0-301F-11D3-BF4B-00C04F79EFBC}") = "Scheduler.Domain.Data.EntityFramework", "Scheduler.Domain.Data.EntityFramework\Scheduler.Domain.Data.EntityFramework.csproj", "{29F066C0-222E-4252-85E6-A166813FBAC9}"
EndProject
Project("{FAE04EC0-301F-11D3-BF4B-00C04F79EFBC}") = "Scheduler.Engine", "Scheduler.Engine\Scheduler.Engine.csproj", "{198E6F67-49DC-41A0-A03A-DDC81F3E25CF}"
EndProject
Project("{FAE04EC0-301F-11D3-BF4B-00C04F79EFBC}") = "Scheduler.Jobs", "Scheduler.Jobs\Scheduler.Jobs.csproj", "{FC3B22A9-D34F-466F-8094-0444A9E67B4D}"
EndProject
Project("{2150E333-8FDC-42A3-9474-1A3956D46DE8}") = "Database", "Database", "{F548CD7E-0FBE-4481-B5CA-345D013085D2}"
EndProject
Project("{00D1A9C2-B5F0-4AF3-8072-F6C62B433612}") = "Scheduler.Database.Core", "Scheduler.Database.Core\Scheduler.Database.Core.sqlproj", "{55C24CB4-79FE-4C6A-82FE-E81D48ED7DCD}"
EndProject
Project("{FAE04EC0-301F-11D3-BF4B-00C04F79EFBC}") = "Scheduler.Logging", "Scheduler.Logging\Scheduler.Logging.csproj", "{5132F164-07EA-47F4-9BB6-FD3265927EF6}"
EndProject
Project("{FAE04EC0-301F-11D3-BF4B-00C04F79EFBC}") = "Scheduler.Core.Dependencies", "Scheduler.Core.Dependencies\Scheduler.Core.Dependencies.csproj", "{A5DBA6BF-0D61-451F-8CE2-FE9D27D42D0B}"
EndProject
Project("{FAE04EC0-301F-11D3-BF4B-00C04F79EFBC}") = "Scheduler.Infrastructure.Dependencies", "Scheduler.Infrastructure.Dependencies\Scheduler.Infrastructure.Dependencies.csproj", "{AA3175F5-9130-4AC2-9AF0-65691533B837}"
EndProject
Project("{FAE04EC0-301F-11D3-BF4B-00C04F79EFBC}") = "Scheduler.Core.Loader", "Scheduler.Core.Loader\Scheduler.Core.Loader.csproj", "{FAD0C01E-1F66-4251-BA03-797CD93BF25B}"
EndProject
Global
	GlobalSection(SolutionConfigurationPlatforms) = preSolution
		Debug|Any CPU = Debug|Any CPU
		Release|Any CPU = Release|Any CPU
	EndGlobalSection
	GlobalSection(ProjectConfigurationPlatforms) = postSolution
		{9A991B42-89DA-4B3C-8675-0C4E1C7FBACF}.Debug|Any CPU.ActiveCfg = Debug|Any CPU
		{9A991B42-89DA-4B3C-8675-0C4E1C7FBACF}.Debug|Any CPU.Build.0 = Debug|Any CPU
		{9A991B42-89DA-4B3C-8675-0C4E1C7FBACF}.Release|Any CPU.ActiveCfg = Release|Any CPU
		{9A991B42-89DA-4B3C-8675-0C4E1C7FBACF}.Release|Any CPU.Build.0 = Release|Any CPU
		{385C768A-1625-454D-AD0C-D39A32F98FBC}.Debug|Any CPU.ActiveCfg = Debug|Any CPU
		{385C768A-1625-454D-AD0C-D39A32F98FBC}.Debug|Any CPU.Build.0 = Debug|Any CPU
		{385C768A-1625-454D-AD0C-D39A32F98FBC}.Release|Any CPU.ActiveCfg = Release|Any CPU
		{385C768A-1625-454D-AD0C-D39A32F98FBC}.Release|Any CPU.Build.0 = Release|Any CPU
		{E914407C-C2EB-42ED-959F-52976E35F96E}.Debug|Any CPU.ActiveCfg = Debug|Any CPU
		{E914407C-C2EB-42ED-959F-52976E35F96E}.Debug|Any CPU.Build.0 = Debug|Any CPU
		{E914407C-C2EB-42ED-959F-52976E35F96E}.Release|Any CPU.ActiveCfg = Release|Any CPU
		{E914407C-C2EB-42ED-959F-52976E35F96E}.Release|Any CPU.Build.0 = Release|Any CPU
		{BB4A8717-FE3F-4989-98F7-C7BBF884503F}.Debug|Any CPU.ActiveCfg = Debug|Any CPU
		{BB4A8717-FE3F-4989-98F7-C7BBF884503F}.Debug|Any CPU.Build.0 = Debug|Any CPU
		{BB4A8717-FE3F-4989-98F7-C7BBF884503F}.Release|Any CPU.ActiveCfg = Release|Any CPU
		{BB4A8717-FE3F-4989-98F7-C7BBF884503F}.Release|Any CPU.Build.0 = Release|Any CPU
		{BFAAB2FE-7208-4C3A-80D1-9B1DCCE41F3B}.Debug|Any CPU.ActiveCfg = Debug|Any CPU
		{BFAAB2FE-7208-4C3A-80D1-9B1DCCE41F3B}.Debug|Any CPU.Build.0 = Debug|Any CPU
		{BFAAB2FE-7208-4C3A-80D1-9B1DCCE41F3B}.Release|Any CPU.ActiveCfg = Release|Any CPU
		{BFAAB2FE-7208-4C3A-80D1-9B1DCCE41F3B}.Release|Any CPU.Build.0 = Release|Any CPU
		{CD895CE0-D65A-4E96-897B-2C45821112BB}.Debug|Any CPU.ActiveCfg = Debug|Any CPU
		{CD895CE0-D65A-4E96-897B-2C45821112BB}.Debug|Any CPU.Build.0 = Debug|Any CPU
		{CD895CE0-D65A-4E96-897B-2C45821112BB}.Release|Any CPU.ActiveCfg = Release|Any CPU
		{CD895CE0-D65A-4E96-897B-2C45821112BB}.Release|Any CPU.Build.0 = Release|Any CPU
		{E333F50A-DE6B-4C3D-A686-FEEF7C7D627F}.Debug|Any CPU.ActiveCfg = Debug|Any CPU
		{E333F50A-DE6B-4C3D-A686-FEEF7C7D627F}.Debug|Any CPU.Build.0 = Debug|Any CPU
		{E333F50A-DE6B-4C3D-A686-FEEF7C7D627F}.Release|Any CPU.ActiveCfg = Release|Any CPU
		{E333F50A-DE6B-4C3D-A686-FEEF7C7D627F}.Release|Any CPU.Build.0 = Release|Any CPU
		{5D366F7C-075D-49FF-A742-78853AA7A6DD}.Debug|Any CPU.ActiveCfg = Debug|Any CPU
		{5D366F7C-075D-49FF-A742-78853AA7A6DD}.Debug|Any CPU.Build.0 = Debug|Any CPU
		{5D366F7C-075D-49FF-A742-78853AA7A6DD}.Release|Any CPU.ActiveCfg = Release|Any CPU
		{5D366F7C-075D-49FF-A742-78853AA7A6DD}.Release|Any CPU.Build.0 = Release|Any CPU
		{ACC43FC4-582C-471B-92F4-0F9AF44AB7AC}.Debug|Any CPU.ActiveCfg = Debug|Any CPU
		{ACC43FC4-582C-471B-92F4-0F9AF44AB7AC}.Debug|Any CPU.Build.0 = Debug|Any CPU
		{ACC43FC4-582C-471B-92F4-0F9AF44AB7AC}.Release|Any CPU.ActiveCfg = Release|Any CPU
		{ACC43FC4-582C-471B-92F4-0F9AF44AB7AC}.Release|Any CPU.Build.0 = Release|Any CPU
		{C34361C7-286C-4D8E-8DD6-1D995A2B0BC9}.Debug|Any CPU.ActiveCfg = Debug|Any CPU
		{C34361C7-286C-4D8E-8DD6-1D995A2B0BC9}.Debug|Any CPU.Build.0 = Debug|Any CPU
		{C34361C7-286C-4D8E-8DD6-1D995A2B0BC9}.Release|Any CPU.ActiveCfg = Release|Any CPU
		{C34361C7-286C-4D8E-8DD6-1D995A2B0BC9}.Release|Any CPU.Build.0 = Release|Any CPU
		{29F066C0-222E-4252-85E6-A166813FBAC9}.Debug|Any CPU.ActiveCfg = Debug|Any CPU
		{29F066C0-222E-4252-85E6-A166813FBAC9}.Debug|Any CPU.Build.0 = Debug|Any CPU
		{29F066C0-222E-4252-85E6-A166813FBAC9}.Release|Any CPU.ActiveCfg = Release|Any CPU
		{29F066C0-222E-4252-85E6-A166813FBAC9}.Release|Any CPU.Build.0 = Release|Any CPU
		{198E6F67-49DC-41A0-A03A-DDC81F3E25CF}.Debug|Any CPU.ActiveCfg = Debug|Any CPU
		{198E6F67-49DC-41A0-A03A-DDC81F3E25CF}.Debug|Any CPU.Build.0 = Debug|Any CPU
		{198E6F67-49DC-41A0-A03A-DDC81F3E25CF}.Release|Any CPU.ActiveCfg = Release|Any CPU
		{198E6F67-49DC-41A0-A03A-DDC81F3E25CF}.Release|Any CPU.Build.0 = Release|Any CPU
		{FC3B22A9-D34F-466F-8094-0444A9E67B4D}.Debug|Any CPU.ActiveCfg = Debug|Any CPU
		{FC3B22A9-D34F-466F-8094-0444A9E67B4D}.Debug|Any CPU.Build.0 = Debug|Any CPU
		{FC3B22A9-D34F-466F-8094-0444A9E67B4D}.Release|Any CPU.ActiveCfg = Release|Any CPU
		{FC3B22A9-D34F-466F-8094-0444A9E67B4D}.Release|Any CPU.Build.0 = Release|Any CPU
		{55C24CB4-79FE-4C6A-82FE-E81D48ED7DCD}.Debug|Any CPU.ActiveCfg = Debug|Any CPU
		{55C24CB4-79FE-4C6A-82FE-E81D48ED7DCD}.Debug|Any CPU.Build.0 = Debug|Any CPU
		{55C24CB4-79FE-4C6A-82FE-E81D48ED7DCD}.Debug|Any CPU.Deploy.0 = Debug|Any CPU
		{55C24CB4-79FE-4C6A-82FE-E81D48ED7DCD}.Release|Any CPU.ActiveCfg = Release|Any CPU
		{55C24CB4-79FE-4C6A-82FE-E81D48ED7DCD}.Release|Any CPU.Build.0 = Release|Any CPU
		{55C24CB4-79FE-4C6A-82FE-E81D48ED7DCD}.Release|Any CPU.Deploy.0 = Release|Any CPU
		{5132F164-07EA-47F4-9BB6-FD3265927EF6}.Debug|Any CPU.ActiveCfg = Debug|Any CPU
		{5132F164-07EA-47F4-9BB6-FD3265927EF6}.Debug|Any CPU.Build.0 = Debug|Any CPU
		{5132F164-07EA-47F4-9BB6-FD3265927EF6}.Release|Any CPU.ActiveCfg = Release|Any CPU
		{5132F164-07EA-47F4-9BB6-FD3265927EF6}.Release|Any CPU.Build.0 = Release|Any CPU
		{A5DBA6BF-0D61-451F-8CE2-FE9D27D42D0B}.Debug|Any CPU.ActiveCfg = Debug|Any CPU
		{A5DBA6BF-0D61-451F-8CE2-FE9D27D42D0B}.Debug|Any CPU.Build.0 = Debug|Any CPU
		{A5DBA6BF-0D61-451F-8CE2-FE9D27D42D0B}.Release|Any CPU.ActiveCfg = Release|Any CPU
		{A5DBA6BF-0D61-451F-8CE2-FE9D27D42D0B}.Release|Any CPU.Build.0 = Release|Any CPU
		{AA3175F5-9130-4AC2-9AF0-65691533B837}.Debug|Any CPU.ActiveCfg = Debug|Any CPU
		{AA3175F5-9130-4AC2-9AF0-65691533B837}.Debug|Any CPU.Build.0 = Debug|Any CPU
		{AA3175F5-9130-4AC2-9AF0-65691533B837}.Release|Any CPU.ActiveCfg = Release|Any CPU
		{AA3175F5-9130-4AC2-9AF0-65691533B837}.Release|Any CPU.Build.0 = Release|Any CPU
		{FAD0C01E-1F66-4251-BA03-797CD93BF25B}.Debug|Any CPU.ActiveCfg = Debug|Any CPU
		{FAD0C01E-1F66-4251-BA03-797CD93BF25B}.Debug|Any CPU.Build.0 = Debug|Any CPU
		{FAD0C01E-1F66-4251-BA03-797CD93BF25B}.Release|Any CPU.ActiveCfg = Release|Any CPU
		{FAD0C01E-1F66-4251-BA03-797CD93BF25B}.Release|Any CPU.Build.0 = Release|Any CPU
	EndGlobalSection
	GlobalSection(SolutionProperties) = preSolution
		HideSolutionNode = FALSE
	EndGlobalSection
	GlobalSection(NestedProjects) = preSolution
		{55C24CB4-79FE-4C6A-82FE-E81D48ED7DCD} = {F548CD7E-0FBE-4481-B5CA-345D013085D2}
	EndGlobalSection
	GlobalSection(ExtensibilityGlobals) = postSolution
		SolutionGuid = {AFB89F36-CA47-4B52-90D3-90B2DFC8C8CD}
	EndGlobalSection
EndGlobal
